
Microsoft Visual Studio Solution File, Format Version 12.00
# Visual Studio 15
VisualStudioVersion = 15.0.27703.2047
MinimumVisualStudioVersion = 10.0.40219.1
Project("{FAE04EC0-301F-11D3-BF4B-00C04F79EFBC}") = "StringCodec.UWP", "StringCodec.UWP\StringCodec.UWP.csproj", "{C270EC4E-AC97-4F62-A9BE-4F1D45F34882}"
EndProject
Project("{2150E333-8FDC-42A3-9474-1A3956D46DE8}") = "Solution Items", "Solution Items", "{C14B3D37-0032-405B-8211-60AD6960847F}"
	ProjectSection(SolutionItems) = preProject
		LICENSE.txt = LICENSE.txt
		Privacy.md = Privacy.md
	EndProjectSection
EndProject
Global
	GlobalSection(SolutionConfigurationPlatforms) = preSolution
		Debug|Any CPU = Debug|Any CPU
		Debug|ARM = Debug|ARM
		Debug|x64 = Debug|x64
		Debug|x86 = Debug|x86
		Release|Any CPU = Release|Any CPU
		Release|ARM = Release|ARM
		Release|x64 = Release|x64
		Release|x86 = Release|x86
	EndGlobalSection
	GlobalSection(ProjectConfigurationPlatforms) = postSolution
		{C270EC4E-AC97-4F62-A9BE-4F1D45F34882}.Debug|Any CPU.ActiveCfg = Debug|x86
		{C270EC4E-AC97-4F62-A9BE-4F1D45F34882}.Debug|Any CPU.Build.0 = Debug|x86
		{C270EC4E-AC97-4F62-A9BE-4F1D45F34882}.Debug|Any CPU.Deploy.0 = Debug|x86
		{C270EC4E-AC97-4F62-A9BE-4F1D45F34882}.Debug|ARM.ActiveCfg = Debug|ARM
		{C270EC4E-AC97-4F62-A9BE-4F1D45F34882}.Debug|ARM.Build.0 = Debug|ARM
		{C270EC4E-AC97-4F62-A9BE-4F1D45F34882}.Debug|ARM.Deploy.0 = Debug|ARM
		{C270EC4E-AC97-4F62-A9BE-4F1D45F34882}.Debug|x64.ActiveCfg = Debug|x64
		{C270EC4E-AC97-4F62-A9BE-4F1D45F34882}.Debug|x64.Build.0 = Debug|x64
		{C270EC4E-AC97-4F62-A9BE-4F1D45F34882}.Debug|x64.Deploy.0 = Debug|x64
		{C270EC4E-AC97-4F62-A9BE-4F1D45F34882}.Debug|x86.ActiveCfg = Debug|x86
		{C270EC4E-AC97-4F62-A9BE-4F1D45F34882}.Debug|x86.Build.0 = Debug|x86
		{C270EC4E-AC97-4F62-A9BE-4F1D45F34882}.Debug|x86.Deploy.0 = Debug|x86
		{C270EC4E-AC97-4F62-A9BE-4F1D45F34882}.Release|Any CPU.ActiveCfg = Release|x86
		{C270EC4E-AC97-4F62-A9BE-4F1D45F34882}.Release|ARM.ActiveCfg = Release|ARM
		{C270EC4E-AC97-4F62-A9BE-4F1D45F34882}.Release|ARM.Build.0 = Release|ARM
		{C270EC4E-AC97-4F62-A9BE-4F1D45F34882}.Release|ARM.Deploy.0 = Release|ARM
		{C270EC4E-AC97-4F62-A9BE-4F1D45F34882}.Release|x64.ActiveCfg = Release|x64
		{C270EC4E-AC97-4F62-A9BE-4F1D45F34882}.Release|x64.Build.0 = Release|x64
		{C270EC4E-AC97-4F62-A9BE-4F1D45F34882}.Release|x64.Deploy.0 = Release|x64
		{C270EC4E-AC97-4F62-A9BE-4F1D45F34882}.Release|x86.ActiveCfg = Release|x86
		{C270EC4E-AC97-4F62-A9BE-4F1D45F34882}.Release|x86.Build.0 = Release|x86
		{C270EC4E-AC97-4F62-A9BE-4F1D45F34882}.Release|x86.Deploy.0 = Release|x86
	EndGlobalSection
	GlobalSection(SolutionProperties) = preSolution
		HideSolutionNode = FALSE
	EndGlobalSection
	GlobalSection(ExtensibilityGlobals) = postSolution
		SolutionGuid = {625C0416-226A-4E72-B8E5-B199FC699030}
	EndGlobalSection
EndGlobal
